
Microsoft Visual Studio Solution File, Format Version 12.00
# Visual Studio Version 17
VisualStudioVersion = 17.3.32922.545
MinimumVisualStudioVersion = 10.0.40219.1
Project("{FAE04EC0-301F-11D3-BF4B-00C04F79EFBC}") = "TicTacToe", "TicTacToe.csproj", "{19816554-7C79-40CF-9C91-BBDC70C7010E}"
EndProject
Global
	GlobalSection(SolutionConfigurationPlatforms) = preSolution
		Debug|Any CPU = Debug|Any CPU
		Release|Any CPU = Release|Any CPU
	EndGlobalSection
	GlobalSection(ProjectConfigurationPlatforms) = postSolution
		{19816554-7C79-40CF-9C91-BBDC70C7010E}.Debug|Any CPU.ActiveCfg = Debug|Any CPU
		{19816554-7C79-40CF-9C91-BBDC70C7010E}.Debug|Any CPU.Build.0 = Debug|Any CPU
		{19816554-7C79-40CF-9C91-BBDC70C7010E}.Release|Any CPU.ActiveCfg = Release|Any CPU
		{19816554-7C79-40CF-9C91-BBDC70C7010E}.Release|Any CPU.Build.0 = Release|Any CPU
	EndGlobalSection
	GlobalSection(SolutionProperties) = preSolution
		HideSolutionNode = FALSE
	EndGlobalSection
	GlobalSection(ExtensibilityGlobals) = postSolution
		SolutionGuid = {96740B5A-B2C8-496C-B925-A2E0156C8C1F}
	EndGlobalSection
EndGlobal
